// !$*UTF8*$!
{
	archiveVersion = 1;
	classes = {
	};
	objectVersion = 77;
	objects = {

/* Begin PBXContainerItemProxy section */
		124197142DD531CD000FC91B /* PBXContainerItemProxy */ = {
			isa = PBXContainerItemProxy;
			containerPortal = 124196FE2DD531CB000FC91B /* Project object */;
			proxyType = 1;
			remoteGlobalIDString = 124197052DD531CB000FC91B;
			remoteInfo = WaterApp;
		};
		1241971E2DD531CD000FC91B /* PBXContainerItemProxy */ = {
			isa = PBXContainerItemProxy;
			containerPortal = 124196FE2DD531CB000FC91B /* Project object */;
			proxyType = 1;
			remoteGlobalIDString = 124197052DD531CB000FC91B;
			remoteInfo = WaterApp;
		};
/* End PBXContainerItemProxy section */

/* Begin PBXFileReference section */
		124197062DD531CB000FC91B /* WaterApp.app */ = {isa = PBXFileReference; explicitFileType = wrapper.application; includeInIndex = 0; path = WaterApp.app; sourceTree = BUILT_PRODUCTS_DIR; };
		124197132DD531CD000FC91B /* WaterAppTests.xctest */ = {isa = PBXFileReference; explicitFileType = wrapper.cfbundle; includeInIndex = 0; path = WaterAppTests.xctest; sourceTree = BUILT_PRODUCTS_DIR; };
		1241971D2DD531CD000FC91B /* WaterAppUITests.xctest */ = {isa = PBXFileReference; explicitFileType = wrapper.cfbundle; includeInIndex = 0; path = WaterAppUITests.xctest; sourceTree = BUILT_PRODUCTS_DIR; };
/* End PBXFileReference section */

/* Begin PBXFileSystemSynchronizedRootGroup section */
		124197082DD531CB000FC91B /* WaterApp */ = {
			isa = PBXFileSystemSynchronizedRootGroup;
			path = WaterApp;
			sourceTree = "<group>";
		};
		124197162DD531CD000FC91B /* WaterAppTests */ = {
			isa = PBXFileSystemSynchronizedRootGroup;
			path = WaterAppTests;
			sourceTree = "<group>";
		};
		124197202DD531CD000FC91B /* WaterAppUITests */ = {
			isa = PBXFileSystemSynchronizedRootGroup;
			path = WaterAppUITests;
			sourceTree = "<group>";
		};
/* End PBXFileSystemSynchronizedRootGroup section */

/* Begin PBXFrameworksBuildPhase section */
		124197032DD531CB000FC91B /* Frameworks */ = {
			isa = PBXFrameworksBuildPhase;
			buildActionMask = 2147483647;
			files = (
			);
			runOnlyForDeploymentPostprocessing = 0;
		};
		124197102DD531CD000FC91B /* Frameworks */ = {
			isa = PBXFrameworksBuildPhase;
			buildActionMask = 2147483647;
			files = (
			);
			runOnlyForDeploymentPostprocessing = 0;
		};
		1241971A2DD531CD000FC91B /* Frameworks */ = {
			isa = PBXFrameworksBuildPhase;
			buildActionMask = 2147483647;
			files = (
			);
			runOnlyForDeploymentPostprocessing = 0;
		};
/* End PBXFrameworksBuildPhase section */

/* Begin PBXGroup section */
		124196FD2DD531CB000FC91B = {
			isa = PBXGroup;
			children = (
				124197082DD531CB000FC91B /* WaterApp */,
				124197162DD531CD000FC91B /* WaterAppTests */,
				124197202DD531CD000FC91B /* WaterAppUITests */,
				124197072DD531CB000FC91B /* Products */,
			);
			sourceTree = "<group>";
		};
		124197072DD531CB000FC91B /* Products */ = {
			isa = PBXGroup;
			children = (
				124197062DD531CB000FC91B /* WaterApp.app */,
				124197132DD531CD000FC91B /* WaterAppTests.xctest */,
				1241971D2DD531CD000FC91B /* WaterAppUITests.xctest */,
			);
			name = Products;
			sourceTree = "<group>";
		};
/* End PBXGroup section */

/* Begin PBXNativeTarget section */
		124197052DD531CB000FC91B /* WaterApp */ = {
			isa = PBXNativeTarget;
			buildConfigurationList = 124197272DD531CD000FC91B /* Build configuration list for PBXNativeTarget "WaterApp" */;
			buildPhases = (
				124197022DD531CB000FC91B /* Sources */,
				124197032DD531CB000FC91B /* Frameworks */,
				124197042DD531CB000FC91B /* Resources */,
			);
			buildRules = (
			);
			dependencies = (
			);
			fileSystemSynchronizedGroups = (
				124197082DD531CB000FC91B /* WaterApp */,
			);
			name = WaterApp;
			packageProductDependencies = (
			);
			productName = WaterApp;
			productReference = 124197062DD531CB000FC91B /* WaterApp.app */;
			productType = "com.apple.product-type.application";
		};
		124197122DD531CD000FC91B /* WaterAppTests */ = {
			isa = PBXNativeTarget;
			buildConfigurationList = 1241972A2DD531CD000FC91B /* Build configuration list for PBXNativeTarget "WaterAppTests" */;
			buildPhases = (
				1241970F2DD531CD000FC91B /* Sources */,
				124197102DD531CD000FC91B /* Frameworks */,
				124197112DD531CD000FC91B /* Resources */,
			);
			buildRules = (
			);
			dependencies = (
				124197152DD531CD000FC91B /* PBXTargetDependency */,
			);
			fileSystemSynchronizedGroups = (
				124197162DD531CD000FC91B /* WaterAppTests */,
			);
			name = WaterAppTests;
			packageProductDependencies = (
			);
			productName = WaterAppTests;
			productReference = 124197132DD531CD000FC91B /* WaterAppTests.xctest */;
			productType = "com.apple.product-type.bundle.unit-test";
		};
		1241971C2DD531CD000FC91B /* WaterAppUITests */ = {
			isa = PBXNativeTarget;
			buildConfigurationList = 1241972D2DD531CD000FC91B /* Build configuration list for PBXNativeTarget "WaterAppUITests" */;
			buildPhases = (
				124197192DD531CD000FC91B /* Sources */,
				1241971A2DD531CD000FC91B /* Frameworks */,
				1241971B2DD531CD000FC91B /* Resources */,
			);
			buildRules = (
			);
			dependencies = (
				1241971F2DD531CD000FC91B /* PBXTargetDependency */,
			);
			fileSystemSynchronizedGroups = (
				124197202DD531CD000FC91B /* WaterAppUITests */,
			);
			name = WaterAppUITests;
			packageProductDependencies = (
			);
			productName = WaterAppUITests;
			productReference = 1241971D2DD531CD000FC91B /* WaterAppUITests.xctest */;
			productType = "com.apple.product-type.bundle.ui-testing";
		};
/* End PBXNativeTarget section */

/* Begin PBXProject section */
		124196FE2DD531CB000FC91B /* Project object */ = {
			isa = PBXProject;
			attributes = {
				BuildIndependentTargetsInParallel = 1;
				LastSwiftUpdateCheck = 1630;
				LastUpgradeCheck = 1630;
				TargetAttributes = {
					124197052DD531CB000FC91B = {
						CreatedOnToolsVersion = 16.3;
					};
					124197122DD531CD000FC91B = {
						CreatedOnToolsVersion = 16.3;
						TestTargetID = 124197052DD531CB000FC91B;
					};
					1241971C2DD531CD000FC91B = {
						CreatedOnToolsVersion = 16.3;
						TestTargetID = 124197052DD531CB000FC91B;
					};
				};
			};
			buildConfigurationList = 124197012DD531CB000FC91B /* Build configuration list for PBXProject "WaterApp" */;
			developmentRegion = en;
			hasScannedForEncodings = 0;
			knownRegions = (
				en,
				Base,
			);
			mainGroup = 124196FD2DD531CB000FC91B;
			minimizedProjectReferenceProxies = 1;
			preferredProjectObjectVersion = 77;
			productRefGroup = 124197072DD531CB000FC91B /* Products */;
			projectDirPath = "";
			projectRoot = "";
			targets = (
				124197052DD531CB000FC91B /* WaterApp */,
				124197122DD531CD000FC91B /* WaterAppTests */,
				1241971C2DD531CD000FC91B /* WaterAppUITests */,
			);
		};
/* End PBXProject section */

/* Begin PBXResourcesBuildPhase section */
		124197042DD531CB000FC91B /* Resources */ = {
			isa = PBXResourcesBuildPhase;
			buildActionMask = 2147483647;
			files = (
			);
			runOnlyForDeploymentPostprocessing = 0;
		};
		124197112DD531CD000FC91B /* Resources */ = {
			isa = PBXResourcesBuildPhase;
			buildActionMask = 2147483647;
			files = (
			);
			runOnlyForDeploymentPostprocessing = 0;
		};
		1241971B2DD531CD000FC91B /* Resources */ = {
			isa = PBXResourcesBuildPhase;
			buildActionMask = 2147483647;
			files = (
			);
			runOnlyForDeploymentPostprocessing = 0;
		};
/* End PBXResourcesBuildPhase section */

/* Begin PBXSourcesBuildPhase section */
		124197022DD531CB000FC91B /* Sources */ = {
			isa = PBXSourcesBuildPhase;
			buildActionMask = 2147483647;
			files = (
			);
			runOnlyForDeploymentPostprocessing = 0;
		};
		1241970F2DD531CD000FC91B /* Sources */ = {
			isa = PBXSourcesBuildPhase;
			buildActionMask = 2147483647;
			files = (
			);
			runOnlyForDeploymentPostprocessing = 0;
		};
		124197192DD531CD000FC91B /* Sources */ = {
			isa = PBXSourcesBuildPhase;
			buildActionMask = 2147483647;
			files = (
			);
			runOnlyForDeploymentPostprocessing = 0;
		};
/* End PBXSourcesBuildPhase section */

/* Begin PBXTargetDependency section */
		124197152DD531CD000FC91B /* PBXTargetDependency */ = {
			isa = PBXTargetDependency;
			target = 124197052DD531CB000FC91B /* WaterApp */;
			targetProxy = 124197142DD531CD000FC91B /* PBXContainerItemProxy */;
		};
		1241971F2DD531CD000FC91B /* PBXTargetDependency */ = {
			isa = PBXTargetDependency;
			target = 124197052DD531CB000FC91B /* WaterApp */;
			targetProxy = 1241971E2DD531CD000FC91B /* PBXContainerItemProxy */;
		};
/* End PBXTargetDependency section */

/* Begin XCBuildConfiguration section */
		124197252DD531CD000FC91B /* Debug */ = {
			isa = XCBuildConfiguration;
			buildSettings = {
				ALWAYS_SEARCH_USER_PATHS = NO;
				ASSETCATALOG_COMPILER_GENERATE_SWIFT_ASSET_SYMBOL_EXTENSIONS = YES;
				CLANG_ANALYZER_NONNULL = YES;
				CLANG_ANALYZER_NUMBER_OBJECT_CONVERSION = YES_AGGRESSIVE;
				CLANG_CXX_LANGUAGE_STANDARD = "gnu++20";
				CLANG_ENABLE_MODULES = YES;
				CLANG_ENABLE_OBJC_ARC = YES;
				CLANG_ENABLE_OBJC_WEAK = YES;
				CLANG_WARN_BLOCK_CAPTURE_AUTORELEASING = YES;
				CLANG_WARN_BOOL_CONVERSION = YES;
				CLANG_WARN_COMMA = YES;
				CLANG_WARN_CONSTANT_CONVERSION = YES;
				CLANG_WARN_DEPRECATED_OBJC_IMPLEMENTATIONS = YES;
				CLANG_WARN_DIRECT_OBJC_ISA_USAGE = YES_ERROR;
				CLANG_WARN_DOCUMENTATION_COMMENTS = YES;
				CLANG_WARN_EMPTY_BODY = YES;
				CLANG_WARN_ENUM_CONVERSION = YES;
				CLANG_WARN_INFINITE_RECURSION = YES;
				CLANG_WARN_INT_CONVERSION = YES;
				CLANG_WARN_NON_LITERAL_NULL_CONVERSION = YES;
				CLANG_WARN_OBJC_IMPLICIT_RETAIN_SELF = YES;
				CLANG_WARN_OBJC_LITERAL_CONVERSION = YES;
				CLANG_WARN_OBJC_ROOT_CLASS = YES_ERROR;
				CLANG_WARN_QUOTED_INCLUDE_IN_FRAMEWORK_HEADER = YES;
				CLANG_WARN_RANGE_LOOP_ANALYSIS = YES;
				CLANG_WARN_STRICT_PROTOTYPES = YES;
				CLANG_WARN_SUSPICIOUS_MOVE = YES;
				CLANG_WARN_UNGUARDED_AVAILABILITY = YES_AGGRESSIVE;
				CLANG_WARN_UNREACHABLE_CODE = YES;
				CLANG_WARN__DUPLICATE_METHOD_MATCH = YES;
				COPY_PHASE_STRIP = NO;
				DEBUG_INFORMATION_FORMAT = dwarf;
				ENABLE_STRICT_OBJC_MSGSEND = YES;
				ENABLE_TESTABILITY = YES;
				ENABLE_USER_SCRIPT_SANDBOXING = YES;
				GCC_C_LANGUAGE_STANDARD = gnu17;
				GCC_DYNAMIC_NO_PIC = NO;
				GCC_NO_COMMON_BLOCKS = YES;
				GCC_OPTIMIZATION_LEVEL = 0;
				GCC_PREPROCESSOR_DEFINITIONS = (
					"DEBUG=1",
					"$(inherited)",
				);
				GCC_WARN_64_TO_32_BIT_CONVERSION = YES;
				GCC_WARN_ABOUT_RETURN_TYPE = YES_ERROR;
				GCC_WARN_UNDECLARED_SELECTOR = YES;
				GCC_WARN_UNINITIALIZED_AUTOS = YES_AGGRESSIVE;
				GCC_WARN_UNUSED_FUNCTION = YES;
				GCC_WARN_UNUSED_VARIABLE = YES;
				IPHONEOS_DEPLOYMENT_TARGET = 18.4;
				LOCALIZATION_PREFERS_STRING_CATALOGS = YES;
				MTL_ENABLE_DEBUG_INFO = INCLUDE_SOURCE;
				MTL_FAST_MATH = YES;
				ONLY_ACTIVE_ARCH = YES;
				SDKROOT = iphoneos;
				SWIFT_ACTIVE_COMPILATION_CONDITIONS = "DEBUG $(inherited)";
				SWIFT_OPTIMIZATION_LEVEL = "-Onone";
			};
			name = Debug;
		};
		124197262DD531CD000FC91B /* Release */ = {
			isa = XCBuildConfiguration;
			buildSettings = {
				ALWAYS_SEARCH_USER_PATHS = NO;
				ASSETCATALOG_COMPILER_GENERATE_SWIFT_ASSET_SYMBOL_EXTENSIONS = YES;
				CLANG_ANALYZER_NONNULL = YES;
				CLANG_ANALYZER_NUMBER_OBJECT_CONVERSION = YES_AGGRESSIVE;
				CLANG_CXX_LANGUAGE_STANDARD = "gnu++20";
				CLANG_ENABLE_MODULES = YES;
				CLANG_ENABLE_OBJC_ARC = YES;
				CLANG_ENABLE_OBJC_WEAK = YES;
				CLANG_WARN_BLOCK_CAPTURE_AUTORELEASING = YES;
				CLANG_WARN_BOOL_CONVERSION = YES;
				CLANG_WARN_COMMA = YES;
				CLANG_WARN_CONSTANT_CONVERSION = YES;
				CLANG_WARN_DEPRECATED_OBJC_IMPLEMENTATIONS = YES;
				CLANG_WARN_DIRECT_OBJC_ISA_USAGE = YES_ERROR;
				CLANG_WARN_DOCUMENTATION_COMMENTS = YES;
				CLANG_WARN_EMPTY_BODY = YES;
				CLANG_WARN_ENUM_CONVERSION = YES;
				CLANG_WARN_INFINITE_RECURSION = YES;
				CLANG_WARN_INT_CONVERSION = YES;
				CLANG_WARN_NON_LITERAL_NULL_CONVERSION = YES;
				CLANG_WARN_OBJC_IMPLICIT_RETAIN_SELF = YES;
				CLANG_WARN_OBJC_LITERAL_CONVERSION = YES;
				CLANG_WARN_OBJC_ROOT_CLASS = YES_ERROR;
				CLANG_WARN_QUOTED_INCLUDE_IN_FRAMEWORK_HEADER = YES;
				CLANG_WARN_RANGE_LOOP_ANALYSIS = YES;
				CLANG_WARN_STRICT_PROTOTYPES = YES;
				CLANG_WARN_SUSPICIOUS_MOVE = YES;
				CLANG_WARN_UNGUARDED_AVAILABILITY = YES_AGGRESSIVE;
				CLANG_WARN_UNREACHABLE_CODE = YES;
				CLANG_WARN__DUPLICATE_METHOD_MATCH = YES;
				COPY_PHASE_STRIP = NO;
				DEBUG_INFORMATION_FORMAT = "dwarf-with-dsym";
				ENABLE_NS_ASSERTIONS = NO;
				ENABLE_STRICT_OBJC_MSGSEND = YES;
				ENABLE_USER_SCRIPT_SANDBOXING = YES;
				GCC_C_LANGUAGE_STANDARD = gnu17;
				GCC_NO_COMMON_BLOCKS = YES;
				GCC_WARN_64_TO_32_BIT_CONVERSION = YES;
				GCC_WARN_ABOUT_RETURN_TYPE = YES_ERROR;
				GCC_WARN_UNDECLARED_SELECTOR = YES;
				GCC_WARN_UNINITIALIZED_AUTOS = YES_AGGRESSIVE;
				GCC_WARN_UNUSED_FUNCTION = YES;
				GCC_WARN_UNUSED_VARIABLE = YES;
				IPHONEOS_DEPLOYMENT_TARGET = 18.4;
				LOCALIZATION_PREFERS_STRING_CATALOGS = YES;
				MTL_ENABLE_DEBUG_INFO = NO;
				MTL_FAST_MATH = YES;
				SDKROOT = iphoneos;
				SWIFT_COMPILATION_MODE = wholemodule;
				VALIDATE_PRODUCT = YES;
			};
			name = Release;
		};
		124197282DD531CD000FC91B /* Debug */ = {
			isa = XCBuildConfiguration;
			buildSettings = {
				ASSETCATALOG_COMPILER_APPICON_NAME = AppIcon;
				ASSETCATALOG_COMPILER_GLOBAL_ACCENT_COLOR_NAME = AccentColor;
				CODE_SIGN_STYLE = Automatic;
				CURRENT_PROJECT_VERSION = 1;
				ENABLE_PREVIEWS = YES;
				GENERATE_INFOPLIST_FILE = YES;
				INFOPLIST_KEY_UIApplicationSceneManifest_Generation = YES;
				INFOPLIST_KEY_UIApplicationSupportsIndirectInputEvents = YES;
				INFOPLIST_KEY_UILaunchScreen_Generation = YES;
				INFOPLIST_KEY_UISupportedInterfaceOrientations_iPad = "UIInterfaceOrientationPortrait UIInterfaceOrientationPortraitUpsideDown UIInterfaceOrientationLandscapeLeft UIInterfaceOrientationLandscapeRight";
				INFOPLIST_KEY_UISupportedInterfaceOrientations_iPhone = "UIInterfaceOrientationPortrait UIInterfaceOrientationLandscapeLeft UIInterfaceOrientationLandscapeRight";
				LD_RUNPATH_SEARCH_PATHS = (
					"$(inherited)",
					"@executable_path/Frameworks",
				);
				MARKETING_VERSION = 1.0;
				PRODUCT_BUNDLE_IDENTIFIER = Qubii1.WaterApp;
				PRODUCT_NAME = "$(TARGET_NAME)";
				SWIFT_EMIT_LOC_STRINGS = YES;
				SWIFT_VERSION = 5.0;
				TARGETED_DEVICE_FAMILY = "1,2";
			};
			name = Debug;
		};
		124197292DD531CD000FC91B /* Release */ = {
			isa = XCBuildConfiguration;
			buildSettings = {
				ASSETCATALOG_COMPILER_APPICON_NAME = AppIcon;
				ASSETCATALOG_COMPILER_GLOBAL_ACCENT_COLOR_NAME = AccentColor;
				CODE_SIGN_STYLE = Automatic;
				CURRENT_PROJECT_VERSION = 1;
				ENABLE_PREVIEWS = YES;
				GENERATE_INFOPLIST_FILE = YES;
				INFOPLIST_KEY_UIApplicationSceneManifest_Generation = YES;
				INFOPLIST_KEY_UIApplicationSupportsIndirectInputEvents = YES;
				INFOPLIST_KEY_UILaunchScreen_Generation = YES;
				INFOPLIST_KEY_UISupportedInterfaceOrientations_iPad = "UIInterfaceOrientationPortrait UIInterfaceOrientationPortraitUpsideDown UIInterfaceOrientationLandscapeLeft UIInterfaceOrientationLandscapeRight";
				INFOPLIST_KEY_UISupportedInterfaceOrientations_iPhone = "UIInterfaceOrientationPortrait UIInterfaceOrientationLandscapeLeft UIInterfaceOrientationLandscapeRight";
				LD_RUNPATH_SEARCH_PATHS = (
					"$(inherited)",
					"@executable_path/Frameworks",
				);
				MARKETING_VERSION = 1.0;
				PRODUCT_BUNDLE_IDENTIFIER = Qubii1.WaterApp;
				PRODUCT_NAME = "$(TARGET_NAME)";
				SWIFT_EMIT_LOC_STRINGS = YES;
				SWIFT_VERSION = 5.0;
				TARGETED_DEVICE_FAMILY = "1,2";
			};
			name = Release;
		};
		1241972B2DD531CD000FC91B /* Debug */ = {
			isa = XCBuildConfiguration;
			buildSettings = {
				BUNDLE_LOADER = "$(TEST_HOST)";
				CODE_SIGN_STYLE = Automatic;
				CURRENT_PROJECT_VERSION = 1;
				GENERATE_INFOPLIST_FILE = YES;
				IPHONEOS_DEPLOYMENT_TARGET = 18.4;
				MARKETING_VERSION = 1.0;
				PRODUCT_BUNDLE_IDENTIFIER = Qubii1.WaterAppTests;
				PRODUCT_NAME = "$(TARGET_NAME)";
				SWIFT_EMIT_LOC_STRINGS = NO;
				SWIFT_VERSION = 5.0;
				TARGETED_DEVICE_FAMILY = "1,2";
				TEST_HOST = "$(BUILT_PRODUCTS_DIR)/WaterApp.app/$(BUNDLE_EXECUTABLE_FOLDER_PATH)/WaterApp";
			};
			name = Debug;
		};
		1241972C2DD531CD000FC91B /* Release */ = {
			isa = XCBuildConfiguration;
			buildSettings = {
				BUNDLE_LOADER = "$(TEST_HOST)";
				CODE_SIGN_STYLE = Automatic;
				CURRENT_PROJECT_VERSION = 1;
				GENERATE_INFOPLIST_FILE = YES;
				IPHONEOS_DEPLOYMENT_TARGET = 18.4;
				MARKETING_VERSION = 1.0;
				PRODUCT_BUNDLE_IDENTIFIER = Qubii1.WaterAppTests;
				PRODUCT_NAME = "$(TARGET_NAME)";
				SWIFT_EMIT_LOC_STRINGS = NO;
				SWIFT_VERSION = 5.0;
				TARGETED_DEVICE_FAMILY = "1,2";
				TEST_HOST = "$(BUILT_PRODUCTS_DIR)/WaterApp.app/$(BUNDLE_EXECUTABLE_FOLDER_PATH)/WaterApp";
			};
			name = Release;
		};
		1241972E2DD531CD000FC91B /* Debug */ = {
			isa = XCBuildConfiguration;
			buildSettings = {
				CODE_SIGN_STYLE = Automatic;
				CURRENT_PROJECT_VERSION = 1;
				GENERATE_INFOPLIST_FILE = YES;
				MARKETING_VERSION = 1.0;
				PRODUCT_BUNDLE_IDENTIFIER = Qubii1.WaterAppUITests;
				PRODUCT_NAME = "$(TARGET_NAME)";
				SWIFT_EMIT_LOC_STRINGS = NO;
				SWIFT_VERSION = 5.0;
				TARGETED_DEVICE_FAMILY = "1,2";
				TEST_TARGET_NAME = WaterApp;
			};
			name = Debug;
		};
		1241972F2DD531CD000FC91B /* Release */ = {
			isa = XCBuildConfiguration;
			buildSettings = {
				CODE_SIGN_STYLE = Automatic;
				CURRENT_PROJECT_VERSION = 1;
				GENERATE_INFOPLIST_FILE = YES;
				MARKETING_VERSION = 1.0;
				PRODUCT_BUNDLE_IDENTIFIER = Qubii1.WaterAppUITests;
				PRODUCT_NAME = "$(TARGET_NAME)";
				SWIFT_EMIT_LOC_STRINGS = NO;
				SWIFT_VERSION = 5.0;
				TARGETED_DEVICE_FAMILY = "1,2";
				TEST_TARGET_NAME = WaterApp;
			};
			name = Release;
		};
/* End XCBuildConfiguration section */

/* Begin XCConfigurationList section */
		124197012DD531CB000FC91B /* Build configuration list for PBXProject "WaterApp" */ = {
			isa = XCConfigurationList;
			buildConfigurations = (
				124197252DD531CD000FC91B /* Debug */,
				124197262DD531CD000FC91B /* Release */,
			);
			defaultConfigurationIsVisible = 0;
			defaultConfigurationName = Release;
		};
		124197272DD531CD000FC91B /* Build configuration list for PBXNativeTarget "WaterApp" */ = {
			isa = XCConfigurationList;
			buildConfigurations = (
				124197282DD531CD000FC91B /* Debug */,
				124197292DD531CD000FC91B /* Release */,
			);
			defaultConfigurationIsVisible = 0;
			defaultConfigurationName = Release;
		};
		1241972A2DD531CD000FC91B /* Build configuration list for PBXNativeTarget "WaterAppTests" */ = {
			isa = XCConfigurationList;
			buildConfigurations = (
				1241972B2DD531CD000FC91B /* Debug */,
				1241972C2DD531CD000FC91B /* Release */,
			);
			defaultConfigurationIsVisible = 0;
			defaultConfigurationName = Release;
		};
		1241972D2DD531CD000FC91B /* Build configuration list for PBXNativeTarget "WaterAppUITests" */ = {
			isa = XCConfigurationList;
			buildConfigurations = (
				1241972E2DD531CD000FC91B /* Debug */,
				1241972F2DD531CD000FC91B /* Release */,
			);
			defaultConfigurationIsVisible = 0;
			defaultConfigurationName = Release;
		};
/* End XCConfigurationList section */
	};
	rootObject = 124196FE2DD531CB000FC91B /* Project object */;
}
